
Microsoft Visual Studio Solution File, Format Version 12.00
# Visual Studio Version 17
VisualStudioVersion = 17.8.34330.188
MinimumVisualStudioVersion = 10.0.40219.1
Project("{C9674DCB-5085-4A16-B785-4C70DD1589BD}") = "15_DuongThiKieuDoan_ETL_Sale", "15_DuongThiKieuDoan_ETL_Sale\15_DuongThiKieuDoan_ETL_Sale.dtproj", "{7C2C51F0-8FCE-40DD-9569-704CD5D3544A}"
EndProject
Global
	GlobalSection(SolutionConfigurationPlatforms) = preSolution
		Development|Default = Development|Default
	EndGlobalSection
	GlobalSection(ProjectConfigurationPlatforms) = postSolution
		{7C2C51F0-8FCE-40DD-9569-704CD5D3544A}.Development|Default.ActiveCfg = Development
		{7C2C51F0-8FCE-40DD-9569-704CD5D3544A}.Development|Default.Build.0 = Development
	EndGlobalSection
	GlobalSection(SolutionProperties) = preSolution
		HideSolutionNode = FALSE
	EndGlobalSection
	GlobalSection(ExtensibilityGlobals) = postSolution
		SolutionGuid = {D016E172-C159-4A8F-A711-CEF0E0985DB2}
	EndGlobalSection
EndGlobal
